
Microsoft Visual Studio Solution File, Format Version 12.00
# Visual Studio Version 16
VisualStudioVersion = 16.0.30517.126
MinimumVisualStudioVersion = 10.0.40219.1
Project("{FAE04EC0-301F-11D3-BF4B-00C04F79EFBC}") = "WindowsFormsApp_FinalProjSample", "WindowsFormsApp_FinalProjSample\WindowsFormsApp_FinalProjSample.csproj", "{72D6C7F7-6897-46F8-8FCA-D0BFCFBC82DA}"
EndProject
Global
	GlobalSection(SolutionConfigurationPlatforms) = preSolution
		Debug|Any CPU = Debug|Any CPU
		Release|Any CPU = Release|Any CPU
	EndGlobalSection
	GlobalSection(ProjectConfigurationPlatforms) = postSolution
		{72D6C7F7-6897-46F8-8FCA-D0BFCFBC82DA}.Debug|Any CPU.ActiveCfg = Debug|Any CPU
		{72D6C7F7-6897-46F8-8FCA-D0BFCFBC82DA}.Debug|Any CPU.Build.0 = Debug|Any CPU
		{72D6C7F7-6897-46F8-8FCA-D0BFCFBC82DA}.Release|Any CPU.ActiveCfg = Release|Any CPU
		{72D6C7F7-6897-46F8-8FCA-D0BFCFBC82DA}.Release|Any CPU.Build.0 = Release|Any CPU
	EndGlobalSection
	GlobalSection(SolutionProperties) = preSolution
		HideSolutionNode = FALSE
	EndGlobalSection
	GlobalSection(ExtensibilityGlobals) = postSolution
		SolutionGuid = {D60A82BE-68B0-4C12-8776-421AD3CE947C}
	EndGlobalSection
EndGlobal
